
Microsoft Visual Studio Solution File, Format Version 12.00
# Visual Studio 14
VisualStudioVersion = 14.0.25420.1
MinimumVisualStudioVersion = 10.0.40219.1
Project("{FAE04EC0-301F-11D3-BF4B-00C04F79EFBC}") = "Project.Web", "Project.Web\Project.Web.csproj", "{7D652550-6EA9-42A0-816E-1414B5995538}"
EndProject
Project("{FAE04EC0-301F-11D3-BF4B-00C04F79EFBC}") = "Project.Business", "Project.Business\Project.Business.csproj", "{76671F67-B353-4C4B-AD74-FB311DFBC806}"
EndProject
Project("{FAE04EC0-301F-11D3-BF4B-00C04F79EFBC}") = "Project.Models", "Project.Models\Project.Models.csproj", "{A7F69C12-92D5-420A-A26E-92675E3992AD}"
EndProject
Project("{FAE04EC0-301F-11D3-BF4B-00C04F79EFBC}") = "Project.Test", "Project.Test\Project.Test.csproj", "{B979190B-30EE-4681-AFA3-657ED5C2DDB0}"
EndProject
Project("{FAE04EC0-301F-11D3-BF4B-00C04F79EFBC}") = "Project.Test.Tests", "Project.Test.Tests\Project.Test.Tests.csproj", "{C8336BCC-8930-4539-8966-5079E21F1BBE}"
EndProject
Project("{FAE04EC0-301F-11D3-BF4B-00C04F79EFBC}") = "Project.API", "Project.API\Project.API.csproj", "{56B4A778-E355-4981-8C65-7D6E6DCD4E97}"
EndProject
Global
	GlobalSection(SolutionConfigurationPlatforms) = preSolution
		Debug|Any CPU = Debug|Any CPU
		Release|Any CPU = Release|Any CPU
	EndGlobalSection
	GlobalSection(ProjectConfigurationPlatforms) = postSolution
		{7D652550-6EA9-42A0-816E-1414B5995538}.Debug|Any CPU.ActiveCfg = Debug|Any CPU
		{7D652550-6EA9-42A0-816E-1414B5995538}.Debug|Any CPU.Build.0 = Debug|Any CPU
		{7D652550-6EA9-42A0-816E-1414B5995538}.Release|Any CPU.ActiveCfg = Release|Any CPU
		{7D652550-6EA9-42A0-816E-1414B5995538}.Release|Any CPU.Build.0 = Release|Any CPU
		{76671F67-B353-4C4B-AD74-FB311DFBC806}.Debug|Any CPU.ActiveCfg = Debug|Any CPU
		{76671F67-B353-4C4B-AD74-FB311DFBC806}.Debug|Any CPU.Build.0 = Debug|Any CPU
		{76671F67-B353-4C4B-AD74-FB311DFBC806}.Release|Any CPU.ActiveCfg = Release|Any CPU
		{76671F67-B353-4C4B-AD74-FB311DFBC806}.Release|Any CPU.Build.0 = Release|Any CPU
		{A7F69C12-92D5-420A-A26E-92675E3992AD}.Debug|Any CPU.ActiveCfg = Debug|Any CPU
		{A7F69C12-92D5-420A-A26E-92675E3992AD}.Debug|Any CPU.Build.0 = Debug|Any CPU
		{A7F69C12-92D5-420A-A26E-92675E3992AD}.Release|Any CPU.ActiveCfg = Release|Any CPU
		{A7F69C12-92D5-420A-A26E-92675E3992AD}.Release|Any CPU.Build.0 = Release|Any CPU
		{B979190B-30EE-4681-AFA3-657ED5C2DDB0}.Debug|Any CPU.ActiveCfg = Debug|Any CPU
		{B979190B-30EE-4681-AFA3-657ED5C2DDB0}.Debug|Any CPU.Build.0 = Debug|Any CPU
		{B979190B-30EE-4681-AFA3-657ED5C2DDB0}.Release|Any CPU.ActiveCfg = Release|Any CPU
		{B979190B-30EE-4681-AFA3-657ED5C2DDB0}.Release|Any CPU.Build.0 = Release|Any CPU
		{C8336BCC-8930-4539-8966-5079E21F1BBE}.Debug|Any CPU.ActiveCfg = Debug|Any CPU
		{C8336BCC-8930-4539-8966-5079E21F1BBE}.Debug|Any CPU.Build.0 = Debug|Any CPU
		{C8336BCC-8930-4539-8966-5079E21F1BBE}.Release|Any CPU.ActiveCfg = Release|Any CPU
		{C8336BCC-8930-4539-8966-5079E21F1BBE}.Release|Any CPU.Build.0 = Release|Any CPU
		{56B4A778-E355-4981-8C65-7D6E6DCD4E97}.Debug|Any CPU.ActiveCfg = Debug|Any CPU
		{56B4A778-E355-4981-8C65-7D6E6DCD4E97}.Debug|Any CPU.Build.0 = Debug|Any CPU
		{56B4A778-E355-4981-8C65-7D6E6DCD4E97}.Release|Any CPU.ActiveCfg = Release|Any CPU
		{56B4A778-E355-4981-8C65-7D6E6DCD4E97}.Release|Any CPU.Build.0 = Release|Any CPU
	EndGlobalSection
	GlobalSection(SolutionProperties) = preSolution
		HideSolutionNode = FALSE
	EndGlobalSection
EndGlobal
